# This file is automatically @generated by Poetry 1.8.3 and should not be changed by hand.

[[package]]
name = "async-tkinter-loop"
version = "0.9.3"
description = "Asynchronous mainloop implementation for tkinter"
optional = false
python-versions = ">=3.8,<4.0"
files = [
    {file = "async_tkinter_loop-0.9.3-py3-none-any.whl", hash = "sha256:4c69f46ffdbac48dc44c296c3a7b00c4cc4f852c3d43aa2fa329991d1fadea02"},
    {file = "async_tkinter_loop-0.9.3.tar.gz", hash = "sha256:509c418139847bcb2e47a5a6b6d24a2e2dca290bc468dad6b6b8029e8a865bfd"},
]

[package.dependencies]
typing-extensions = ">=4.7.0,<=5.0"

[package.extras]
examples = ["Pillow (>=9.1.1,<11.0.0)", "customtkinter (>=5.2.1,<6.0.0)", "httpx (>=0.23.1,<0.26.0)"]

[[package]]
name = "asyncgui"
version = "0.6.3"
description = "A thin layer that helps to wrap a callback-style API in an async/await-style API"
optional = false
python-versions = "<4.0.0,>=3.8.1"
files = [
    {file = "asyncgui-0.6.3-py3-none-any.whl", hash = "sha256:46723e65d8bf023e28d141f6a9d38634ef5b97a5236fafdaf80b47e13275a5eb"},
    {file = "asyncgui-0.6.3.tar.gz", hash = "sha256:05de49c2221128d3530f010df98491f3553183ec8909d205a0c0250bee5d6e0c"},
]

[package.dependencies]
exceptiongroup = {version = ">=1.0.4,<2.0.0", markers = "python_version < \"3.11\""}

[[package]]
name = "asyncgui-ext-clock"
version = "0.3.1"
description = ""
optional = false
python-versions = "<4.0,>=3.10"
files = [
    {file = "asyncgui_ext_clock-0.3.1-py3-none-any.whl", hash = "sha256:c997cdc9fd43e97103b66f0d67cea650e898d4aaa668742b4c090f85f22514bf"},
    {file = "asyncgui_ext_clock-0.3.1.tar.gz", hash = "sha256:90af5fabc9b1c751f39b40b2e62c04d4f3b341967dac7414ab0acbdb99920a26"},
]

[package.dependencies]
asyncgui = ">=0.6,<0.7"

[[package]]
name = "asynctkinter"
version = "0.4.1"
description = "async library for tkinter"
optional = false
python-versions = "<4.0.0,>=3.10.0"
files = [
    {file = "asynctkinter-0.4.1-py3-none-any.whl", hash = "sha256:2e235846dca137e724920636e8ce83a29b2c50aff1715eed7692c88f05ecb8dc"},
    {file = "asynctkinter-0.4.1.tar.gz", hash = "sha256:d08a86cd554b5c373b30c70c7b188e5d92e6bdd4536a0c815ecf0d1590d2b5b0"},
]

[package.dependencies]
asyncgui = ">=0.6,<0.7"
asyncgui-ext-clock = ">=0.3,<0.4"

[[package]]
name = "exceptiongroup"
version = "1.2.2"
description = "Backport of PEP 654 (exception groups)"
optional = false
python-versions = ">=3.7"
files = [
    {file = "exceptiongroup-1.2.2-py3-none-any.whl", hash = "sha256:3111b9d131c238bec2f8f516e123e14ba243563fb135d3fe885990585aa7795b"},
    {file = "exceptiongroup-1.2.2.tar.gz", hash = "sha256:47c2edf7c6738fafb49fd34290706d1a1a2f4d1c6df275526b62cbb4aa5393cc"},
]

[package.extras]
test = ["pytest (>=6)"]

[[package]]
name = "typing-extensions"
version = "4.12.2"
description = "Backported and Experimental Type Hints for Python 3.8+"
optional = false
python-versions = ">=3.8"
files = [
    {file = "typing_extensions-4.12.2-py3-none-any.whl", hash = "sha256:04e5ca0351e0f3f85c6853954072df659d0d13fac324d0072316b67d7794700d"},
    {file = "typing_extensions-4.12.2.tar.gz", hash = "sha256:1a7ead55c7e559dd4dee8856e3a88b41225abfe1ce8df57b7c13915fe121ffb8"},
]

[metadata]
lock-version = "2.0"
python-versions = "^3.10"
content-hash = "f90f31d9ddba1f5bb3e444e1eec9819505d38f252547b533bf7316aea876567c"
